
Microsoft Visual Studio Solution File, Format Version 12.00
# Visual Studio Version 17
VisualStudioVersion = 17.10.35004.147
MinimumVisualStudioVersion = 10.0.40219.1
Project("{FAE04EC0-301F-11D3-BF4B-00C04F79EFBC}") = "MyFirstApp", "MyFirstApp.csproj", "{8BA0CF17-425A-4FB0-8A08-EDAFD71BAD5B}"
EndProject
Global
	GlobalSection(SolutionConfigurationPlatforms) = preSolution
		Debug|Any CPU = Debug|Any CPU
		Release|Any CPU = Release|Any CPU
	EndGlobalSection
	GlobalSection(ProjectConfigurationPlatforms) = postSolution
		{8BA0CF17-425A-4FB0-8A08-EDAFD71BAD5B}.Debug|Any CPU.ActiveCfg = Debug|Any CPU
		{8BA0CF17-425A-4FB0-8A08-EDAFD71BAD5B}.Debug|Any CPU.Build.0 = Debug|Any CPU
		{8BA0CF17-425A-4FB0-8A08-EDAFD71BAD5B}.Release|Any CPU.ActiveCfg = Release|Any CPU
		{8BA0CF17-425A-4FB0-8A08-EDAFD71BAD5B}.Release|Any CPU.Build.0 = Release|Any CPU
	EndGlobalSection
	GlobalSection(SolutionProperties) = preSolution
		HideSolutionNode = FALSE
	EndGlobalSection
	GlobalSection(ExtensibilityGlobals) = postSolution
		SolutionGuid = {DB2265E8-1982-4BB4-AB50-EDB7B352280C}
	EndGlobalSection
EndGlobal
